// !$*UTF8*$!
{
	archiveVersion = 1;
	classes = {
	};
	objectVersion = 46;
	objects = {

/* Begin PBXBuildFile section */
		D1A6E73B1C823F88007D85A7 /* AppDelegate.swift in Sources */ = {isa = PBXBuildFile; fileRef = D1A6E73A1C823F88007D85A7 /* AppDelegate.swift */; };
		D1A6E73D1C823F88007D85A7 /* ViewController.swift in Sources */ = {isa = PBXBuildFile; fileRef = D1A6E73C1C823F88007D85A7 /* ViewController.swift */; };
		D1A6E7401C823F88007D85A7 /* Main.storyboard in Resources */ = {isa = PBXBuildFile; fileRef = D1A6E73E1C823F88007D85A7 /* Main.storyboard */; };
		D1A6E7421C823F88007D85A7 /* Assets.xcassets in Resources */ = {isa = PBXBuildFile; fileRef = D1A6E7411C823F88007D85A7 /* Assets.xcassets */; };
		D1A6E7451C823F88007D85A7 /* LaunchScreen.storyboard in Resources */ = {isa = PBXBuildFile; fileRef = D1A6E7431C823F88007D85A7 /* LaunchScreen.storyboard */; };
		D1A6E74D1C82404B007D85A7 /* Pin.swift in Sources */ = {isa = PBXBuildFile; fileRef = D1A6E74C1C82404B007D85A7 /* Pin.swift */; };
/* End PBXBuildFile section */

/* Begin PBXFileReference section */
		D1A6E7371C823F87007D85A7 /* iOS4-hw7-jsonmaps.app */ = {isa = PBXFileReference; explicitFileType = wrapper.application; includeInIndex = 0; path = "iOS4-hw7-jsonmaps.app"; sourceTree = BUILT_PRODUCTS_DIR; };
		D1A6E73A1C823F88007D85A7 /* AppDelegate.swift */ = {isa = PBXFileReference; lastKnownFileType = sourcecode.swift; path = AppDelegate.swift; sourceTree = "<group>"; };
		D1A6E73C1C823F88007D85A7 /* ViewController.swift */ = {isa = PBXFileReference; lastKnownFileType = sourcecode.swift; path = ViewController.swift; sourceTree = "<group>"; };
		D1A6E73F1C823F88007D85A7 /* Base */ = {isa = PBXFileReference; lastKnownFileType = file.storyboard; name = Base; path = Base.lproj/Main.storyboard; sourceTree = "<group>"; };
		D1A6E7411C823F88007D85A7 /* Assets.xcassets */ = {isa = PBXFileReference; lastKnownFileType = folder.assetcatalog; path = Assets.xcassets; sourceTree = "<group>"; };
		D1A6E7441C823F88007D85A7 /* Base */ = {isa = PBXFileReference; lastKnownFileType = file.storyboard; name = Base; path = Base.lproj/LaunchScreen.storyboard; sourceTree = "<group>"; };
		D1A6E7461C823F88007D85A7 /* Info.plist */ = {isa = PBXFileReference; lastKnownFileType = text.plist.xml; path = Info.plist; sourceTree = "<group>"; };
		D1A6E74C1C82404B007D85A7 /* Pin.swift */ = {isa = PBXFileReference; fileEncoding = 4; lastKnownFileType = sourcecode.swift; path = Pin.swift; sourceTree = "<group>"; };
/* End PBXFileReference section */

/* Begin PBXFrameworksBuildPhase section */
		D1A6E7341C823F87007D85A7 /* Frameworks */ = {
			isa = PBXFrameworksBuildPhase;
			buildActionMask = 2147483647;
			files = (
			);
			runOnlyForDeploymentPostprocessing = 0;
		};
/* End PBXFrameworksBuildPhase section */

/* Begin PBXGroup section */
		D1A6E72E1C823F87007D85A7 = {
			isa = PBXGroup;
			children = (
				D1A6E7391C823F88007D85A7 /* iOS4-hw7-jsonmaps */,
				D1A6E7381C823F87007D85A7 /* Products */,
			);
			sourceTree = "<group>";
		};
		D1A6E7381C823F87007D85A7 /* Products */ = {
			isa = PBXGroup;
			children = (
				D1A6E7371C823F87007D85A7 /* iOS4-hw7-jsonmaps.app */,
			);
			name = Products;
			sourceTree = "<group>";
		};
		D1A6E7391C823F88007D85A7 /* iOS4-hw7-jsonmaps */ = {
			isa = PBXGroup;
			children = (
				D1A6E73A1C823F88007D85A7 /* AppDelegate.swift */,
				D1A6E73C1C823F88007D85A7 /* ViewController.swift */,
				D1A6E73E1C823F88007D85A7 /* Main.storyboard */,
				D1A6E7411C823F88007D85A7 /* Assets.xcassets */,
				D1A6E7431C823F88007D85A7 /* LaunchScreen.storyboard */,
				D1A6E7461C823F88007D85A7 /* Info.plist */,
				D1A6E74C1C82404B007D85A7 /* Pin.swift */,
			);
			path = "iOS4-hw7-jsonmaps";
			sourceTree = "<group>";
		};
/* End PBXGroup section */

/* Begin PBXNativeTarget section */
		D1A6E7361C823F87007D85A7 /* iOS4-hw7-jsonmaps */ = {
			isa = PBXNativeTarget;
			buildConfigurationList = D1A6E7491C823F88007D85A7 /* Build configuration list for PBXNativeTarget "iOS4-hw7-jsonmaps" */;
			buildPhases = (
				D1A6E7331C823F87007D85A7 /* Sources */,
				D1A6E7341C823F87007D85A7 /* Frameworks */,
				D1A6E7351C823F87007D85A7 /* Resources */,
			);
			buildRules = (
			);
			dependencies = (
			);
			name = "iOS4-hw7-jsonmaps";
			productName = "iOS4-hw7-jsonmaps";
			productReference = D1A6E7371C823F87007D85A7 /* iOS4-hw7-jsonmaps.app */;
			productType = "com.apple.product-type.application";
		};
/* End PBXNativeTarget section */

/* Begin PBXProject section */
		D1A6E72F1C823F87007D85A7 /* Project object */ = {
			isa = PBXProject;
			attributes = {
				LastSwiftUpdateCheck = 0720;
				LastUpgradeCheck = 0720;
				ORGANIZATIONNAME = "Kathryn Rotondo";
				TargetAttributes = {
					D1A6E7361C823F87007D85A7 = {
						CreatedOnToolsVersion = 7.2;
					};
				};
			};
			buildConfigurationList = D1A6E7321C823F87007D85A7 /* Build configuration list for PBXProject "iOS4-hw7-jsonmaps" */;
			compatibilityVersion = "Xcode 3.2";
			developmentRegion = English;
			hasScannedForEncodings = 0;
			knownRegions = (
				en,
				Base,
			);
			mainGroup = D1A6E72E1C823F87007D85A7;
			productRefGroup = D1A6E7381C823F87007D85A7 /* Products */;
			projectDirPath = "";
			projectRoot = "";
			targets = (
				D1A6E7361C823F87007D85A7 /* iOS4-hw7-jsonmaps */,
			);
		};
/* End PBXProject section */

/* Begin PBXResourcesBuildPhase section */
		D1A6E7351C823F87007D85A7 /* Resources */ = {
			isa = PBXResourcesBuildPhase;
			buildActionMask = 2147483647;
			files = (
				D1A6E7451C823F88007D85A7 /* LaunchScreen.storyboard in Resources */,
				D1A6E7421C823F88007D85A7 /* Assets.xcassets in Resources */,
				D1A6E7401C823F88007D85A7 /* Main.storyboard in Resources */,
			);
			runOnlyForDeploymentPostprocessing = 0;
		};
/* End PBXResourcesBuildPhase section */

/* Begin PBXSourcesBuildPhase section */
		D1A6E7331C823F87007D85A7 /* Sources */ = {
			isa = PBXSourcesBuildPhase;
			buildActionMask = 2147483647;
			files = (
				D1A6E74D1C82404B007D85A7 /* Pin.swift in Sources */,
				D1A6E73D1C823F88007D85A7 /* ViewController.swift in Sources */,
				D1A6E73B1C823F88007D85A7 /* AppDelegate.swift in Sources */,
			);
			runOnlyForDeploymentPostprocessing = 0;
		};
/* End PBXSourcesBuildPhase section */

/* Begin PBXVariantGroup section */
		D1A6E73E1C823F88007D85A7 /* Main.storyboard */ = {
			isa = PBXVariantGroup;
			children = (
				D1A6E73F1C823F88007D85A7 /* Base */,
			);
			name = Main.storyboard;
			sourceTree = "<group>";
		};
		D1A6E7431C823F88007D85A7 /* LaunchScreen.storyboard */ = {
			isa = PBXVariantGroup;
			children = (
				D1A6E7441C823F88007D85A7 /* Base */,
			);
			name = LaunchScreen.storyboard;
			sourceTree = "<group>";
		};
/* End PBXVariantGroup section */

/* Begin XCBuildConfiguration section */
		D1A6E7471C823F88007D85A7 /* Debug */ = {
			isa = XCBuildConfiguration;
			buildSettings = {
				ALWAYS_SEARCH_USER_PATHS = NO;
				CLANG_CXX_LANGUAGE_STANDARD = "gnu++0x";
				CLANG_CXX_LIBRARY = "libc++";
				CLANG_ENABLE_MODULES = YES;
				CLANG_ENABLE_OBJC_ARC = YES;
				CLANG_WARN_BOOL_CONVERSION = YES;
				CLANG_WARN_CONSTANT_CONVERSION = YES;
				CLANG_WARN_DIRECT_OBJC_ISA_USAGE = YES_ERROR;
				CLANG_WARN_EMPTY_BODY = YES;
				CLANG_WARN_ENUM_CONVERSION = YES;
				CLANG_WARN_INT_CONVERSION = YES;
				CLANG_WARN_OBJC_ROOT_CLASS = YES_ERROR;
				CLANG_WARN_UNREACHABLE_CODE = YES;
				CLANG_WARN__DUPLICATE_METHOD_MATCH = YES;
				"CODE_SIGN_IDENTITY[sdk=iphoneos*]" = "iPhone Developer";
				COPY_PHASE_STRIP = NO;
				DEBUG_INFORMATION_FORMAT = dwarf;
				ENABLE_STRICT_OBJC_MSGSEND = YES;
				ENABLE_TESTABILITY = YES;
				GCC_C_LANGUAGE_STANDARD = gnu99;
				GCC_DYNAMIC_NO_PIC = NO;
				GCC_NO_COMMON_BLOCKS = YES;
				GCC_OPTIMIZATION_LEVEL = 0;
				GCC_PREPROCESSOR_DEFINITIONS = (
					"DEBUG=1",
					"$(inherited)",
				);
				GCC_WARN_64_TO_32_BIT_CONVERSION = YES;
				GCC_WARN_ABOUT_RETURN_TYPE = YES_ERROR;
				GCC_WARN_UNDECLARED_SELECTOR = YES;
				GCC_WARN_UNINITIALIZED_AUTOS = YES_AGGRESSIVE;
				GCC_WARN_UNUSED_FUNCTION = YES;
				GCC_WARN_UNUSED_VARIABLE = YES;
				IPHONEOS_DEPLOYMENT_TARGET = 9.2;
				MTL_ENABLE_DEBUG_INFO = YES;
				ONLY_ACTIVE_ARCH = YES;
				SDKROOT = iphoneos;
				SWIFT_OPTIMIZATION_LEVEL = "-Onone";
			};
			name = Debug;
		};
		D1A6E7481C823F88007D85A7 /* Release */ = {
			isa = XCBuildConfiguration;
			buildSettings = {
				ALWAYS_SEARCH_USER_PATHS = NO;
				CLANG_CXX_LANGUAGE_STANDARD = "gnu++0x";
				CLANG_CXX_LIBRARY = "libc++";
				CLANG_ENABLE_MODULES = YES;
				CLANG_ENABLE_OBJC_ARC = YES;
				CLANG_WARN_BOOL_CONVERSION = YES;
				CLANG_WARN_CONSTANT_CONVERSION = YES;
				CLANG_WARN_DIRECT_OBJC_ISA_USAGE = YES_ERROR;
				CLANG_WARN_EMPTY_BODY = YES;
				CLANG_WARN_ENUM_CONVERSION = YES;
				CLANG_WARN_INT_CONVERSION = YES;
				CLANG_WARN_OBJC_ROOT_CLASS = YES_ERROR;
				CLANG_WARN_UNREACHABLE_CODE = YES;
				CLANG_WARN__DUPLICATE_METHOD_MATCH = YES;
				"CODE_SIGN_IDENTITY[sdk=iphoneos*]" = "iPhone Developer";
				COPY_PHASE_STRIP = NO;
				DEBUG_INFORMATION_FORMAT = "dwarf-with-dsym";
				ENABLE_NS_ASSERTIONS = NO;
				ENABLE_STRICT_OBJC_MSGSEND = YES;
				GCC_C_LANGUAGE_STANDARD = gnu99;
				GCC_NO_COMMON_BLOCKS = YES;
				GCC_WARN_64_TO_32_BIT_CONVERSION = YES;
				GCC_WARN_ABOUT_RETURN_TYPE = YES_ERROR;
				GCC_WARN_UNDECLARED_SELECTOR = YES;
				GCC_WARN_UNINITIALIZED_AUTOS = YES_AGGRESSIVE;
				GCC_WARN_UNUSED_FUNCTION = YES;
				GCC_WARN_UNUSED_VARIABLE = YES;
				IPHONEOS_DEPLOYMENT_TARGET = 9.2;
				MTL_ENABLE_DEBUG_INFO = NO;
				SDKROOT = iphoneos;
				VALIDATE_PRODUCT = YES;
			};
			name = Release;
		};
		D1A6E74A1C823F88007D85A7 /* Debug */ = {
			isa = XCBuildConfiguration;
			buildSettings = {
				ASSETCATALOG_COMPILER_APPICON_NAME = AppIcon;
				INFOPLIST_FILE = "iOS4-hw7-jsonmaps/Info.plist";
				LD_RUNPATH_SEARCH_PATHS = "$(inherited) @executable_path/Frameworks";
				PRODUCT_BUNDLE_IDENTIFIER = "com.kathrynrotondo.iOS4-hw7-jsonmaps";
				PRODUCT_NAME = "$(TARGET_NAME)";
			};
			name = Debug;
		};
		D1A6E74B1C823F88007D85A7 /* Release */ = {
			isa = XCBuildConfiguration;
			buildSettings = {
				ASSETCATALOG_COMPILER_APPICON_NAME = AppIcon;
				INFOPLIST_FILE = "iOS4-hw7-jsonmaps/Info.plist";
				LD_RUNPATH_SEARCH_PATHS = "$(inherited) @executable_path/Frameworks";
				PRODUCT_BUNDLE_IDENTIFIER = "com.kathrynrotondo.iOS4-hw7-jsonmaps";
				PRODUCT_NAME = "$(TARGET_NAME)";
			};
			name = Release;
		};
/* End XCBuildConfiguration section */

/* Begin XCConfigurationList section */
		D1A6E7321C823F87007D85A7 /* Build configuration list for PBXProject "iOS4-hw7-jsonmaps" */ = {
			isa = XCConfigurationList;
			buildConfigurations = (
				D1A6E7471C823F88007D85A7 /* Debug */,
				D1A6E7481C823F88007D85A7 /* Release */,
			);
			defaultConfigurationIsVisible = 0;
			defaultConfigurationName = Release;
		};
		D1A6E7491C823F88007D85A7 /* Build configuration list for PBXNativeTarget "iOS4-hw7-jsonmaps" */ = {
			isa = XCConfigurationList;
			buildConfigurations = (
				D1A6E74A1C823F88007D85A7 /* Debug */,
				D1A6E74B1C823F88007D85A7 /* Release */,
			);
			defaultConfigurationIsVisible = 0;
		};
/* End XCConfigurationList section */
	};
	rootObject = D1A6E72F1C823F87007D85A7 /* Project object */;
}
